{
  "name": "mui-app",
  "version": "0.1.0",
  "lockfileVersion": 1,
  "requires": true,
  "dependencies": {
    "@types/cheerio": {
      "version": "0.22.7",
      "resolved": "https://registry.npmjs.org/@types/cheerio/-/cheerio-0.22.7.tgz",
      "integrity": "sha1-SpLq/t+yufRDfTpEEABtgRFMZs4=",
      "dev": true
    },
    "@types/enzyme": {
      "version": "3.1.8",
      "resolved": "https://registry.npmjs.org/@types/enzyme/-/enzyme-3.1.8.tgz",
      "integrity": "sha1-4KRJKZT6+y/MwXJvi02ZYAl6Sow=",
      "dev": true,
      "requires": {
        "@types/cheerio": "0.22.7",
        "@types/react": "16.0.40"
      }
    },
    "@types/enzyme-adapter-react-16": {
      "version": "1.0.1",
      "resolved": "https://registry.npmjs.org/@types/enzyme-adapter-react-16/-/enzyme-adapter-react-16-1.0.1.tgz",
      "integrity": "sha1-y5MzjM9s0bj92pECfE/+Vlg1N7U=",
      "dev": true,
      "requires": {
        "@types/enzyme": "3.1.8"
      }
    },
    "@types/jss": {
      "version": "9.3.0",
      "resolved": "https://registry.npmjs.org/@types/jss/-/jss-9.3.0.tgz",
      "integrity": "sha1-D4SE/QPe0gaRe+J7WCF/J0oK1Z8="
    },
    "@types/react": {
      "version": "16.0.40",
      "resolved": "https://registry.npmjs.org/@types/react/-/react-16.0.40.tgz",
      "integrity": "sha512-OZi2OPNI1DGwnC3Fgbr1CcYfOD6V0pbv+aehXdvuFE+L+sipWjividsasuqFW/G0CZrZ81Ao+9IzjvkRDWCE9Q=="
    },
    "@types/react-test-renderer": {
      "version": "16.0.0",
      "resolved": "https://registry.npmjs.org/@types/react-test-renderer/-/react-test-renderer-16.0.0.tgz",
      "integrity": "sha1-kFoSB21zFetKNsTw5edgx7MRVCA=",
      "dev": true,
      "requires": {
        "@types/react": "16.0.40"
      }
    },
    "@types/react-transition-group": {
      "version": "2.0.6",
      "resolved": "https://registry.npmjs.org/@types/react-transition-group/-/react-transition-group-2.0.6.tgz",
      "integrity": "sha1-iQP6LPVAukVEYVkL/4EaeHiJYXw=",
      "requires": {
        "@types/react": "16.0.40"
      }
    },
    "asap": {
      "version": "2.0.6",
      "resolved": "https://registry.npmjs.org/asap/-/asap-2.0.6.tgz",
      "integrity": "sha1-5QNHYR1+aQlDIIu9r+vLwvuGbUY="
    },
    "babel-runtime": {
      "version": "6.26.0",
      "resolved": "https://registry.npmjs.org/babel-runtime/-/babel-runtime-6.26.0.tgz",
      "integrity": "sha1-llxwWGaOgrVde/4E/yM3vItWR/4=",
      "requires": {
        "core-js": "2.5.3",
        "regenerator-runtime": "0.11.1"
      },
      "dependencies": {
        "core-js": {
          "version": "2.5.3",
          "resolved": "https://registry.npmjs.org/core-js/-/core-js-2.5.3.tgz",
          "integrity": "sha1-isw4NFgk8W2DZbfJtCWRaOjtYD4="
        }
      }
    },
    "boolbase": {
      "version": "1.0.0",
      "resolved": "https://registry.npmjs.org/boolbase/-/boolbase-1.0.0.tgz",
      "integrity": "sha1-aN/1++YMUes3cl6p4+0xDcwed24=",
      "dev": true
    },
    "brcast": {
      "version": "3.0.1",
      "resolved": "https://registry.npmjs.org/brcast/-/brcast-3.0.1.tgz",
      "integrity": "sha1-YlaoNJsg3p7tRCV6myTXFJPNSN0="
    },
    "chain-function": {
      "version": "1.0.0",
      "resolved": "https://registry.npmjs.org/chain-function/-/chain-function-1.0.0.tgz",
      "integrity": "sha1-DUqzfn4Y6tC9xHuSB2QRjOWHM9w="
    },
    "change-emitter": {
      "version": "0.1.6",
      "resolved": "https://registry.npmjs.org/change-emitter/-/change-emitter-0.1.6.tgz",
      "integrity": "sha1-6LL+PX8at9aaMhma/5HqaTFAlRU="
    },
    "cheerio": {
      "version": "1.0.0-rc.2",
      "resolved": "https://registry.npmjs.org/cheerio/-/cheerio-1.0.0-rc.2.tgz",
      "integrity": "sha1-S59TqBsn5NXawxwP/Qz6A8xoMNs=",
      "dev": true,
      "requires": {
        "css-select": "1.2.0",
        "dom-serializer": "0.1.0",
        "entities": "1.1.1",
        "htmlparser2": "3.9.2",
        "lodash": "4.17.5",
        "parse5": "3.0.3"
      },
      "dependencies": {
        "dom-serializer": {
          "version": "0.1.0",
          "resolved": "https://registry.npmjs.org/dom-serializer/-/dom-serializer-0.1.0.tgz",
          "integrity": "sha1-BzxpdUbOB4DOI75KKOKT5AvDDII=",
          "dev": true,
          "requires": {
            "domelementtype": "1.1.3",
            "entities": "1.1.1"
          },
          "dependencies": {
            "domelementtype": {
              "version": "1.1.3",
              "resolved": "https://registry.npmjs.org/domelementtype/-/domelementtype-1.1.3.tgz",
              "integrity": "sha1-vSh3PiZCiBrsUVRJJCmcXNgiGFs=",
              "dev": true
            }
          }
        },
        "domhandler": {
          "version": "2.4.1",
          "resolved": "https://registry.npmjs.org/domhandler/-/domhandler-2.4.1.tgz",
          "integrity": "sha1-iS5HAAqZvlW783dP/qBWHYh5wlk=",
          "dev": true,
          "requires": {
            "domelementtype": "1.3.0"
          }
        },
        "domutils": {
          "version": "1.6.2",
          "resolved": "https://registry.npmjs.org/domutils/-/domutils-1.6.2.tgz",
          "integrity": "sha1-GVjMC0yUJuntNn+xyOhUiRsPo/8=",
          "dev": true,
          "requires": {
            "dom-serializer": "0.1.0",
            "domelementtype": "1.3.0"
          }
        },
        "entities": {
          "version": "1.1.1",
          "resolved": "https://registry.npmjs.org/entities/-/entities-1.1.1.tgz",
          "integrity": "sha1-blwtClYhtdra7O+AuQ7ftc13cvA=",
          "dev": true
        },
        "htmlparser2": {
          "version": "3.9.2",
          "resolved": "https://registry.npmjs.org/htmlparser2/-/htmlparser2-3.9.2.tgz",
          "integrity": "sha1-G9+HrMoPP55T+k/M6w9LTLsAszg=",
          "dev": true,
          "requires": {
            "domelementtype": "1.3.0",
            "domhandler": "2.4.1",
            "domutils": "1.6.2",
            "entities": "1.1.1",
            "inherits": "2.0.3",
            "readable-stream": "2.3.5"
          },
          "dependencies": {
            "inherits": {
              "version": "2.0.3",
              "resolved": "https://registry.npmjs.org/inherits/-/inherits-2.0.3.tgz",
              "integrity": "sha1-Yzwsg+PaQqUC9SRmAiSA9CCCYd4=",
              "dev": true
            },
            "readable-stream": {
              "version": "2.3.5",
              "resolved": "https://registry.npmjs.org/readable-stream/-/readable-stream-2.3.5.tgz",
              "integrity": "sha512-tK0yDhrkygt/knjowCUiWP9YdV7c5R+8cR0r/kt9ZhBU906Fs6RpQJCEilamRJj1Nx2rWI6LkW9gKqjTkshhEw==",
              "dev": true,
              "requires": {
                "core-util-is": "1.0.2",
                "inherits": "2.0.3",
                "isarray": "1.0.0",
                "process-nextick-args": "2.0.0",
                "safe-buffer": "5.1.1",
                "string_decoder": "1.0.3",
                "util-deprecate": "1.0.2"
              }
            }
          }
        },
        "parse5": {
          "version": "3.0.3",
          "resolved": "https://registry.npmjs.org/parse5/-/parse5-3.0.3.tgz",
          "integrity": "sha1-BC95L/3TaFFVHPTp4Gazh0q0W1w=",
          "dev": true,
          "requires": {
            "@types/node": "9.4.7"
          },
          "dependencies": {
            "@types/node": {
              "version": "9.4.7",
              "resolved": "https://registry.npmjs.org/@types/node/-/node-9.4.7.tgz",
              "integrity": "sha512-4Ba90mWNx8ddbafuyGGwjkZMigi+AWfYLSDCpovwsE63ia8w93r3oJ8PIAQc3y8U+XHcnMOHPIzNe3o438Ywcw==",
              "dev": true
            }
          }
        }
      }
    },
    "classnames": {
      "version": "2.2.5",
      "resolved": "https://registry.npmjs.org/classnames/-/classnames-2.2.5.tgz",
      "integrity": "sha1-+zgB1FNGdknvNgPH1hoCvRKb3m0="
    },
    "core-js": {
      "version": "1.2.7",
      "resolved": "https://registry.npmjs.org/core-js/-/core-js-1.2.7.tgz",
      "integrity": "sha1-ZSKUwUZR2yj6k70tX/KYOk8IxjY="
    },
    "core-util-is": {
      "version": "1.0.2",
      "resolved": "https://registry.npmjs.org/core-util-is/-/core-util-is-1.0.2.tgz",
      "integrity": "sha1-tf1UIgqivFq1eqtxQMlAdUUDwac=",
      "dev": true
    },
    "css-select": {
      "version": "1.2.0",
      "resolved": "https://registry.npmjs.org/css-select/-/css-select-1.2.0.tgz",
      "integrity": "sha1-KzoRBTnFNV8c2NMUYj6HCxIeyFg=",
      "dev": true,
      "requires": {
        "boolbase": "1.0.0",
        "css-what": "2.1.0",
        "domutils": "1.5.1",
        "nth-check": "1.0.1"
      }
    },
    "css-vendor": {
      "version": "0.3.8",
      "resolved": "https://registry.npmjs.org/css-vendor/-/css-vendor-0.3.8.tgz",
      "integrity": "sha1-ZCHP0wNM5mT+dnOXL9ARn8KJQfo=",
      "requires": {
        "is-in-browser": "1.1.3"
      }
    },
    "css-what": {
      "version": "2.1.0",
      "resolved": "https://registry.npmjs.org/css-what/-/css-what-2.1.0.tgz",
      "integrity": "sha1-lGfQMsOM+u+58teVASUwYvh/ob0=",
      "dev": true
    },
    "deep-equal": {
      "version": "1.0.1",
      "resolved": "https://registry.npmjs.org/deep-equal/-/deep-equal-1.0.1.tgz",
      "integrity": "sha1-9dJgKStmDghO/0zbyfCK0yR0SLU="
    },
    "deepmerge": {
      "version": "2.1.0",
      "resolved": "https://registry.npmjs.org/deepmerge/-/deepmerge-2.1.0.tgz",
      "integrity": "sha512-Q89Z26KAfA3lpPGhbF6XMfYAm3jIV3avViy6KOJ2JLzFbeWHOvPQUu5aSJIWXap3gDZC2y1eF5HXEPI2wGqgvw=="
    },
    "define-properties": {
      "version": "1.1.2",
      "resolved": "https://registry.npmjs.org/define-properties/-/define-properties-1.1.2.tgz",
      "integrity": "sha1-g6c/L+pWmJj7c3GTyPhzyvbUXJQ=",
      "dev": true,
      "requires": {
        "foreach": "2.0.5",
        "object-keys": "1.0.11"
      }
    },
    "discontinuous-range": {
      "version": "1.0.0",
      "resolved": "https://registry.npmjs.org/discontinuous-range/-/discontinuous-range-1.0.0.tgz",
      "integrity": "sha1-44Mx8IRLukm5qctxx3FYWqsbxlo=",
      "dev": true
    },
    "dom-helpers": {
      "version": "3.3.1",
      "resolved": "https://registry.npmjs.org/dom-helpers/-/dom-helpers-3.3.1.tgz",
      "integrity": "sha1-/BpOFf/fYN3eA6SAqcD+zoId1KY="
    },
    "dom-serializer": {
      "version": "0.1.0",
      "resolved": "https://registry.npmjs.org/dom-serializer/-/dom-serializer-0.1.0.tgz",
      "integrity": "sha1-BzxpdUbOB4DOI75KKOKT5AvDDII=",
      "dev": true,
      "requires": {
        "domelementtype": "1.1.3",
        "entities": "1.1.1"
      },
      "dependencies": {
        "domelementtype": {
          "version": "1.1.3",
          "resolved": "https://registry.npmjs.org/domelementtype/-/domelementtype-1.1.3.tgz",
          "integrity": "sha1-vSh3PiZCiBrsUVRJJCmcXNgiGFs=",
          "dev": true
        }
      }
    },
    "dom-walk": {
      "version": "0.1.1",
      "resolved": "https://registry.npmjs.org/dom-walk/-/dom-walk-0.1.1.tgz",
      "integrity": "sha1-ZyIm3HTI95mtNTB9+TaroRrNYBg="
    },
    "domelementtype": {
      "version": "1.3.0",
      "resolved": "https://registry.npmjs.org/domelementtype/-/domelementtype-1.3.0.tgz",
      "integrity": "sha1-sXrtguirWeUt2cGbF1bg/BhyBMI=",
      "dev": true
    },
    "domutils": {
      "version": "1.5.1",
      "resolved": "https://registry.npmjs.org/domutils/-/domutils-1.5.1.tgz",
      "integrity": "sha1-3NhIiib1Y9YQeeSMn3t+Mjc2gs8=",
      "dev": true,
      "requires": {
        "dom-serializer": "0.1.0",
        "domelementtype": "1.3.0"
      }
    },
    "encoding": {
      "version": "0.1.12",
      "resolved": "https://registry.npmjs.org/encoding/-/encoding-0.1.12.tgz",
      "integrity": "sha1-U4tm8+5izRq1HsMjgp0flIDHS+s=",
      "requires": {
        "iconv-lite": "0.4.19"
      }
    },
    "entities": {
      "version": "1.1.1",
      "resolved": "https://registry.npmjs.org/entities/-/entities-1.1.1.tgz",
      "integrity": "sha1-blwtClYhtdra7O+AuQ7ftc13cvA=",
      "dev": true
    },
    "enzyme": {
      "version": "3.3.0",
      "resolved": "https://registry.npmjs.org/enzyme/-/enzyme-3.3.0.tgz",
      "integrity": "sha1-CXGr0Wfy1L8/W9UIIp4cS23FBHk=",
      "dev": true,
      "requires": {
        "cheerio": "1.0.0-rc.2",
        "function.prototype.name": "1.1.0",
        "has": "1.0.1",
        "is-boolean-object": "1.0.0",
        "is-callable": "1.1.3",
        "is-number-object": "1.0.3",
        "is-string": "1.0.4",
        "is-subset": "0.1.1",
        "lodash": "4.17.5",
        "object-inspect": "1.5.0",
        "object-is": "1.0.1",
        "object.assign": "4.1.0",
        "object.entries": "1.0.4",
        "object.values": "1.0.4",
        "raf": "3.4.0",
        "rst-selector-parser": "2.2.3"
      }
    },
    "enzyme-adapter-react-16": {
      "version": "1.1.1",
      "resolved": "https://registry.npmjs.org/enzyme-adapter-react-16/-/enzyme-adapter-react-16-1.1.1.tgz",
      "integrity": "sha1-qPQni0fggvvKFPW/se5Q7mUHF7Q=",
      "dev": true,
      "requires": {
        "enzyme-adapter-utils": "1.3.0",
        "lodash": "4.17.5",
        "object.assign": "4.1.0",
        "object.values": "1.0.4",
        "prop-types": "15.6.1",
        "react-reconciler": "0.7.0",
        "react-test-renderer": "16.2.0"
      }
    },
    "enzyme-adapter-utils": {
      "version": "1.3.0",
      "resolved": "https://registry.npmjs.org/enzyme-adapter-utils/-/enzyme-adapter-utils-1.3.0.tgz",
      "integrity": "sha1-1shXVoJsJXqFRNNizHpn6X6mmMc=",
      "dev": true,
      "requires": {
        "lodash": "4.17.5",
        "object.assign": "4.1.0",
        "prop-types": "15.6.1"
      }
    },
    "es-abstract": {
      "version": "1.10.0",
      "resolved": "https://registry.npmjs.org/es-abstract/-/es-abstract-1.10.0.tgz",
      "integrity": "sha512-/uh/DhdqIOSkAWifU+8nG78vlQxdLckUdI/sPgy0VhuXi2qJ7T8czBmqIYtLQVpCIFYafChnsRsB5pyb1JdmCQ==",
      "dev": true,
      "requires": {
        "es-to-primitive": "1.1.1",
        "function-bind": "1.1.1",
        "has": "1.0.1",
        "is-callable": "1.1.3",
        "is-regex": "1.0.4"
      }
    },
    "es-to-primitive": {
      "version": "1.1.1",
      "resolved": "https://registry.npmjs.org/es-to-primitive/-/es-to-primitive-1.1.1.tgz",
      "integrity": "sha1-RTVSSKiJeQNLZ5Lhm7gfK3l13Q0=",
      "dev": true,
      "requires": {
        "is-callable": "1.1.3",
        "is-date-object": "1.0.1",
        "is-symbol": "1.0.1"
      }
    },
    "es6-error": {
      "version": "4.1.1",
      "resolved": "https://registry.npmjs.org/es6-error/-/es6-error-4.1.1.tgz",
      "integrity": "sha512-Um/+FxMr9CISWh0bi5Zv0iOD+4cFh5qLeks1qhAopKVAJw3drgKbKySikp7wGhDL0HPeaja0P5ULZrxLkniUVg=="
    },
    "fbjs": {
      "version": "0.8.16",
      "resolved": "https://registry.npmjs.org/fbjs/-/fbjs-0.8.16.tgz",
      "integrity": "sha1-XmdDL1UNxBtXK/VYR7ispk5TN9s=",
      "requires": {
        "core-js": "1.2.7",
        "isomorphic-fetch": "2.2.1",
        "loose-envify": "1.3.1",
        "object-assign": "4.1.1",
        "promise": "7.3.1",
        "setimmediate": "1.0.5",
        "ua-parser-js": "0.7.17"
      }
    },
    "foreach": {
      "version": "2.0.5",
      "resolved": "https://registry.npmjs.org/foreach/-/foreach-2.0.5.tgz",
      "integrity": "sha1-C+4AUBiusmDQo6865ljdATbsG5k=",
      "dev": true
    },
    "function-bind": {
      "version": "1.1.1",
      "resolved": "https://registry.npmjs.org/function-bind/-/function-bind-1.1.1.tgz",
      "integrity": "sha512-yIovAzMX49sF8Yl58fSCWJ5svSLuaibPxXQJFLmBObTuCr0Mf1KiPopGM9NiFjiYBCbfaa2Fh6breQ6ANVTI0A==",
      "dev": true
    },
    "function.prototype.name": {
      "version": "1.1.0",
      "resolved": "https://registry.npmjs.org/function.prototype.name/-/function.prototype.name-1.1.0.tgz",
      "integrity": "sha1-i9djzAr4YKhZzF1JOE10uTLNIyc=",
      "dev": true,
      "requires": {
        "define-properties": "1.1.2",
        "function-bind": "1.1.1",
        "is-callable": "1.1.3"
      }
    },
    "global": {
      "version": "4.3.2",
      "resolved": "https://registry.npmjs.org/global/-/global-4.3.2.tgz",
      "integrity": "sha1-52mJJopsdMOJCLEwWxD8DjlOnQ8=",
      "requires": {
        "min-document": "2.19.0",
        "process": "0.5.2"
      },
      "dependencies": {
        "process": {
          "version": "0.5.2",
          "resolved": "https://registry.npmjs.org/process/-/process-0.5.2.tgz",
          "integrity": "sha1-FjjYqONML0QKkduVq5rrZ3/Bhc8="
        }
      }
    },
    "has": {
      "version": "1.0.1",
      "resolved": "https://registry.npmjs.org/has/-/has-1.0.1.tgz",
      "integrity": "sha1-hGFzP1OLCDfJNh45qauelwTcLyg=",
      "dev": true,
      "requires": {
        "function-bind": "1.1.1"
      }
    },
    "has-symbols": {
      "version": "1.0.0",
      "resolved": "https://registry.npmjs.org/has-symbols/-/has-symbols-1.0.0.tgz",
      "integrity": "sha1-uhqPGvKg/DllD1yFA2dwQSIGO0Q=",
      "dev": true
    },
    "hoist-non-react-statics": {
      "version": "2.3.1",
      "resolved": "https://registry.npmjs.org/hoist-non-react-statics/-/hoist-non-react-statics-2.3.1.tgz",
      "integrity": "sha1-ND24TGAYxlB3iJgkATWhQg7iLOA="
    },
    "iconv-lite": {
      "version": "0.4.19",
      "resolved": "https://registry.npmjs.org/iconv-lite/-/iconv-lite-0.4.19.tgz",
      "integrity": "sha512-oTZqweIP51xaGPI4uPa56/Pri/480R+mo7SeU+YETByQNhDG55ycFyNLIgta9vXhILrxXDmF7ZGhqZIcuN0gJQ=="
    },
    "invariant": {
      "version": "2.2.4",
      "resolved": "https://registry.npmjs.org/invariant/-/invariant-2.2.4.tgz",
      "integrity": "sha512-phJfQVBuaJM5raOpJjSfkiD6BpbCE4Ns//LaXl6wGYtUBY83nWS6Rf9tXm2e8VaK60JEjYldbPif/A2B1C2gNA==",
      "requires": {
        "loose-envify": "1.3.1"
      }
    },
    "is-boolean-object": {
      "version": "1.0.0",
      "resolved": "https://registry.npmjs.org/is-boolean-object/-/is-boolean-object-1.0.0.tgz",
      "integrity": "sha1-mPiygDBoQhmpXzdc+9iM40Bd/5M=",
      "dev": true
    },
    "is-callable": {
      "version": "1.1.3",
      "resolved": "https://registry.npmjs.org/is-callable/-/is-callable-1.1.3.tgz",
      "integrity": "sha1-hut1OSgF3cM69xySoO7fdO52BLI=",
      "dev": true
    },
    "is-date-object": {
      "version": "1.0.1",
      "resolved": "https://registry.npmjs.org/is-date-object/-/is-date-object-1.0.1.tgz",
      "integrity": "sha1-mqIOtq7rv/d/vTPnTKAbM1gdOhY=",
      "dev": true
    },
    "is-function": {
      "version": "1.0.1",
      "resolved": "https://registry.npmjs.org/is-function/-/is-function-1.0.1.tgz",
      "integrity": "sha1-Es+5i2W1fdPRk6MSH19uL0N2ArU="
    },
    "is-in-browser": {
      "version": "1.1.3",
      "resolved": "https://registry.npmjs.org/is-in-browser/-/is-in-browser-1.1.3.tgz",
      "integrity": "sha1-Vv9NtoOgeMYILrldrX3GLh0E+DU="
    },
    "is-number-object": {
      "version": "1.0.3",
      "resolved": "https://registry.npmjs.org/is-number-object/-/is-number-object-1.0.3.tgz",
      "integrity": "sha1-8mWrian0RQNO9q/xWo8AsA9VF5k=",
      "dev": true
    },
    "is-plain-object": {
      "version": "2.0.4",
      "resolved": "https://registry.npmjs.org/is-plain-object/-/is-plain-object-2.0.4.tgz",
      "integrity": "sha1-LBY7P6+xtgbZ0Xko8FwqHDjgdnc=",
      "requires": {
        "isobject": "3.0.1"
      },
      "dependencies": {
        "isobject": {
          "version": "3.0.1",
          "resolved": "https://registry.npmjs.org/isobject/-/isobject-3.0.1.tgz",
          "integrity": "sha1-TkMekrEalzFjaqH5yNHMvP2reN8="
        }
      }
    },
    "is-promise": {
      "version": "2.1.0",
      "resolved": "https://registry.npmjs.org/is-promise/-/is-promise-2.1.0.tgz",
      "integrity": "sha1-eaKp7OfwlugPNtKy87wWwf9L8/o="
    },
    "is-regex": {
      "version": "1.0.4",
      "resolved": "https://registry.npmjs.org/is-regex/-/is-regex-1.0.4.tgz",
      "integrity": "sha1-VRdIm1RwkbCTDglWVM7SXul+lJE=",
      "dev": true,
      "requires": {
        "has": "1.0.1"
      }
    },
    "is-stream": {
      "version": "1.1.0",
      "resolved": "https://registry.npmjs.org/is-stream/-/is-stream-1.1.0.tgz",
      "integrity": "sha1-EtSj3U5o4Lec6428hBc66A2RykQ="
    },
    "is-string": {
      "version": "1.0.4",
      "resolved": "https://registry.npmjs.org/is-string/-/is-string-1.0.4.tgz",
      "integrity": "sha1-zDqbaYV9Yh6WNyWiTK7shzuCbmQ=",
      "dev": true
    },
    "is-subset": {
      "version": "0.1.1",
      "resolved": "https://registry.npmjs.org/is-subset/-/is-subset-0.1.1.tgz",
      "integrity": "sha1-ilkRfZMt4d4A8kX83TnOQ/HpOaY=",
      "dev": true
    },
    "is-symbol": {
      "version": "1.0.1",
      "resolved": "https://registry.npmjs.org/is-symbol/-/is-symbol-1.0.1.tgz",
      "integrity": "sha1-PMWfAAJRlLarLjjbrmaJJWtmBXI=",
      "dev": true
    },
    "isarray": {
      "version": "1.0.0",
      "resolved": "https://registry.npmjs.org/isarray/-/isarray-1.0.0.tgz",
      "integrity": "sha1-u5NdSFgsuhaMBoNJV6VKPgcSTxE=",
      "dev": true
    },
    "isomorphic-fetch": {
      "version": "2.2.1",
      "resolved": "https://registry.npmjs.org/isomorphic-fetch/-/isomorphic-fetch-2.2.1.tgz",
      "integrity": "sha1-YRrhrPFPXoH3KVB0coGf6XM1WKk=",
      "requires": {
        "node-fetch": "1.7.3",
        "whatwg-fetch": "2.0.3"
      }
    },
    "js-tokens": {
      "version": "3.0.2",
      "resolved": "https://registry.npmjs.org/js-tokens/-/js-tokens-3.0.2.tgz",
      "integrity": "sha1-mGbfOVECEw449/mWvOtlRDIJwls="
    },
    "jss": {
      "version": "9.5.1",
      "resolved": "https://registry.npmjs.org/jss/-/jss-9.5.1.tgz",
      "integrity": "sha1-yGnzjNxEoy9EJf4AfqRriJFTYyY=",
      "requires": {
        "is-in-browser": "1.1.3",
        "symbol-observable": "1.1.0",
        "warning": "3.0.0"
      }
    },
    "jss-camel-case": {
      "version": "6.0.0",
      "resolved": "https://registry.npmjs.org/jss-camel-case/-/jss-camel-case-6.0.0.tgz",
      "integrity": "sha1-fPhFPjlcMf7ZMdEe+8iF7c1hEy4="
    },
    "jss-compose": {
      "version": "5.0.0",
      "resolved": "https://registry.npmjs.org/jss-compose/-/jss-compose-5.0.0.tgz",
      "integrity": "sha1-zgGy5FIdZcN+pCz0kRbl96tZZIQ=",
      "requires": {
        "warning": "3.0.0"
      }
    },
    "jss-default-unit": {
      "version": "8.0.2",
      "resolved": "https://registry.npmjs.org/jss-default-unit/-/jss-default-unit-8.0.2.tgz",
      "integrity": "sha1-zB6Im65MC5QZMnsxSrHI4oJokOY="
    },
    "jss-expand": {
      "version": "5.1.0",
      "resolved": "https://registry.npmjs.org/jss-expand/-/jss-expand-5.1.0.tgz",
      "integrity": "sha1-sa107BhjHzT2WiEk/PzrZABhDj0="
    },
    "jss-extend": {
      "version": "6.1.0",
      "resolved": "https://registry.npmjs.org/jss-extend/-/jss-extend-6.1.0.tgz",
      "integrity": "sha1-hfPTmUQBjo9EsyLBT6MWBoqnuws=",
      "requires": {
        "warning": "3.0.0"
      }
    },
    "jss-global": {
      "version": "3.0.0",
      "resolved": "https://registry.npmjs.org/jss-global/-/jss-global-3.0.0.tgz",
      "integrity": "sha1-4Z5ckasrljU8In4wqiy9k4zar6I="
    },
    "jss-nested": {
      "version": "6.0.1",
      "resolved": "https://registry.npmjs.org/jss-nested/-/jss-nested-6.0.1.tgz",
      "integrity": "sha1-75kredbo9j2TnEOXudmbXLvoJMo=",
      "requires": {
        "warning": "3.0.0"
      }
    },
    "jss-preset-default": {
      "version": "4.1.0",
      "resolved": "https://registry.npmjs.org/jss-preset-default/-/jss-preset-default-4.1.0.tgz",
      "integrity": "sha1-igfY3pLLDFW3DcGRm4Aq7ZzE6+k=",
      "requires": {
        "jss-camel-case": "6.0.0",
        "jss-compose": "5.0.0",
        "jss-default-unit": "8.0.2",
        "jss-expand": "5.1.0",
        "jss-extend": "6.1.0",
        "jss-global": "3.0.0",
        "jss-nested": "6.0.1",
        "jss-props-sort": "6.0.0",
        "jss-template": "1.0.1",
        "jss-vendor-prefixer": "7.0.0"
      }
    },
    "jss-props-sort": {
      "version": "6.0.0",
      "resolved": "https://registry.npmjs.org/jss-props-sort/-/jss-props-sort-6.0.0.tgz",
      "integrity": "sha1-kQUQGjtQcfq2Hi2F6nTMIumxYyM="
    },
    "jss-template": {
      "version": "1.0.1",
      "resolved": "https://registry.npmjs.org/jss-template/-/jss-template-1.0.1.tgz",
      "integrity": "sha1-Ca7Z2GzFR7B/U+81XX4Xd/faQwo=",
      "requires": {
        "warning": "3.0.0"
      }
    },
    "jss-vendor-prefixer": {
      "version": "7.0.0",
      "resolved": "https://registry.npmjs.org/jss-vendor-prefixer/-/jss-vendor-prefixer-7.0.0.tgz",
      "integrity": "sha1-AWZyllABXvGdnwJDfHNmcjFgXHE=",
      "requires": {
        "css-vendor": "0.3.8"
      }
    },
    "keycode": {
      "version": "2.1.9",
      "resolved": "https://registry.npmjs.org/keycode/-/keycode-2.1.9.tgz",
      "integrity": "sha1-lkojxU5IiUBbSGGlyfBIDUUUHfo="
    },
    "lodash": {
      "version": "4.17.5",
      "resolved": "https://registry.npmjs.org/lodash/-/lodash-4.17.5.tgz",
      "integrity": "sha512-svL3uiZf1RwhH+cWrfZn3A4+U58wbP0tGVTLQPbjplZxZ8ROD9VLuNgsRniTlLe7OlSqR79RUehXgpBW/s0IQw=="
    },
    "lodash-es": {
      "version": "4.17.7",
      "resolved": "https://registry.npmjs.org/lodash-es/-/lodash-es-4.17.7.tgz",
      "integrity": "sha512-jzqTi3vk4J5Dxq43cNjB0ekfCjPLHixoY2Sc0WHTo+0r928taLqe/VCt02vY5uQBvg0rdXgL3xWkK4X0MCmZcw=="
    },
    "lodash.flattendeep": {
      "version": "4.4.0",
      "resolved": "https://registry.npmjs.org/lodash.flattendeep/-/lodash.flattendeep-4.4.0.tgz",
      "integrity": "sha1-+wMJF/hqMTTlvJvsDWngAT3f7bI=",
      "dev": true
    },
    "loose-envify": {
      "version": "1.3.1",
      "resolved": "https://registry.npmjs.org/loose-envify/-/loose-envify-1.3.1.tgz",
      "integrity": "sha1-0aitM/qc4OcT1l/dCsi3SNR4yEg=",
      "requires": {
        "js-tokens": "3.0.2"
      }
    },
    "material-ui": {
      "version": "1.0.0-beta.30",
      "resolved": "https://registry.npmjs.org/material-ui/-/material-ui-1.0.0-beta.30.tgz",
      "integrity": "sha1-Qn7BD/YsEFKLc2QV1x6XOk5W4E0=",
      "requires": {
        "@types/jss": "9.3.0",
        "@types/react-transition-group": "2.0.6",
        "babel-runtime": "6.26.0",
        "brcast": "3.0.1",
        "classnames": "2.2.5",
        "deepmerge": "2.1.0",
        "dom-helpers": "3.3.1",
        "hoist-non-react-statics": "2.3.1",
        "jss": "9.5.1",
        "jss-camel-case": "6.0.0",
        "jss-default-unit": "8.0.2",
        "jss-global": "3.0.0",
        "jss-nested": "6.0.1",
        "jss-props-sort": "6.0.0",
        "jss-vendor-prefixer": "7.0.0",
        "keycode": "2.1.9",
        "lodash": "4.17.5",
        "normalize-scroll-left": "0.1.2",
        "prop-types": "15.6.1",
        "react-event-listener": "0.5.3",
        "react-jss": "8.2.1",
        "react-popper": "0.7.5",
        "react-scrollbar-size": "2.0.2",
        "react-transition-group": "2.2.1",
        "recompose": "0.26.0",
        "scroll": "2.0.1",
        "warning": "3.0.0"
      }
    },
    "material-ui-icons": {
      "version": "1.0.0-beta.17",
      "resolved": "https://registry.npmjs.org/material-ui-icons/-/material-ui-icons-1.0.0-beta.17.tgz",
      "integrity": "sha1-XxmvVKLZnu7zR6VUFKaFPhyFDcM=",
      "requires": {
        "recompose": "0.26.0"
      }
    },
    "min-document": {
      "version": "2.19.0",
      "resolved": "https://registry.npmjs.org/min-document/-/min-document-2.19.0.tgz",
      "integrity": "sha1-e9KC4/WELtKVu3SM3Z8f+iyCRoU=",
      "requires": {
        "dom-walk": "0.1.1"
      }
    },
    "nearley": {
      "version": "2.11.0",
      "resolved": "https://registry.npmjs.org/nearley/-/nearley-2.11.0.tgz",
      "integrity": "sha1-XmJseabNL2q55+XVgF52aJZ3V64=",
      "dev": true,
      "requires": {
        "nomnom": "1.6.2",
        "railroad-diagrams": "1.0.0",
        "randexp": "0.4.6"
      }
    },
    "node-fetch": {
      "version": "1.7.3",
      "resolved": "https://registry.npmjs.org/node-fetch/-/node-fetch-1.7.3.tgz",
      "integrity": "sha512-NhZ4CsKx7cYm2vSrBAr2PvFOe6sWDf0UYLRqA6svUYg7+/TSfVAu49jYC4BvQ4Sms9SZgdqGBgroqfDhJdTyKQ==",
      "requires": {
        "encoding": "0.1.12",
        "is-stream": "1.1.0"
      }
    },
    "nomnom": {
      "version": "1.6.2",
      "resolved": "https://registry.npmjs.org/nomnom/-/nomnom-1.6.2.tgz",
      "integrity": "sha1-hKZqJgF0QI/Ft3oY+IjszET7aXE=",
      "dev": true,
      "requires": {
        "colors": "0.5.1",
        "underscore": "1.4.4"
      },
      "dependencies": {
        "colors": {
          "version": "0.5.1",
          "resolved": "https://registry.npmjs.org/colors/-/colors-0.5.1.tgz",
          "integrity": "sha1-fQAj6usVTo7p/Oddy5I9DtFmd3Q=",
          "dev": true
        }
      }
    },
    "normalize-scroll-left": {
      "version": "0.1.2",
      "resolved": "https://registry.npmjs.org/normalize-scroll-left/-/normalize-scroll-left-0.1.2.tgz",
      "integrity": "sha1-a3lpG6eetfsQf6Xt+9wGtVyu4qo="
    },
    "nth-check": {
      "version": "1.0.1",
      "resolved": "https://registry.npmjs.org/nth-check/-/nth-check-1.0.1.tgz",
      "integrity": "sha1-mSms32KPwsQQmN6rgqxYDPFJquQ=",
      "dev": true,
      "requires": {
        "boolbase": "1.0.0"
      }
    },
    "object-assign": {
      "version": "4.1.1",
      "resolved": "https://registry.npmjs.org/object-assign/-/object-assign-4.1.1.tgz",
      "integrity": "sha1-IQmtx5ZYh8/AXLvUQsrIv7s2CGM="
    },
    "object-inspect": {
      "version": "1.5.0",
      "resolved": "https://registry.npmjs.org/object-inspect/-/object-inspect-1.5.0.tgz",
      "integrity": "sha1-nYdsEeQPSFx5IVZwKBt2dIj5v+M=",
      "dev": true
    },
    "object-is": {
      "version": "1.0.1",
      "resolved": "https://registry.npmjs.org/object-is/-/object-is-1.0.1.tgz",
      "integrity": "sha1-CqYOyZiaCz7Xlc9NBvYs8a1lObY=",
      "dev": true
    },
    "object-keys": {
      "version": "1.0.11",
      "resolved": "https://registry.npmjs.org/object-keys/-/object-keys-1.0.11.tgz",
      "integrity": "sha1-xUYBd4rVYPEULODgG8yotW0TQm0=",
      "dev": true
    },
    "object.assign": {
      "version": "4.1.0",
      "resolved": "https://registry.npmjs.org/object.assign/-/object.assign-4.1.0.tgz",
      "integrity": "sha1-lovxEA15Vrs8oIbwBvhGs7xACNo=",
      "dev": true,
      "requires": {
        "define-properties": "1.1.2",
        "function-bind": "1.1.1",
        "has-symbols": "1.0.0",
        "object-keys": "1.0.11"
      }
    },
    "object.entries": {
      "version": "1.0.4",
      "resolved": "https://registry.npmjs.org/object.entries/-/object.entries-1.0.4.tgz",
      "integrity": "sha1-G/mk3SKI9bM/Opk9JXZh8F0WGl8=",
      "dev": true,
      "requires": {
        "define-properties": "1.1.2",
        "es-abstract": "1.10.0",
        "function-bind": "1.1.1",
        "has": "1.0.1"
      }
    },
    "object.values": {
      "version": "1.0.4",
      "resolved": "https://registry.npmjs.org/object.values/-/object.values-1.0.4.tgz",
      "integrity": "sha1-5STaCbT2b/Bd9FdUbscqyZ8TBpo=",
      "dev": true,
      "requires": {
        "define-properties": "1.1.2",
        "es-abstract": "1.10.0",
        "function-bind": "1.1.1",
        "has": "1.0.1"
      }
    },
    "performance-now": {
      "version": "2.1.0",
      "resolved": "https://registry.npmjs.org/performance-now/-/performance-now-2.1.0.tgz",
      "integrity": "sha1-Ywn04OX6kT7BxpMHrjZLSzd8nns=",
      "dev": true
    },
    "popper.js": {
      "version": "1.12.9",
      "resolved": "https://registry.npmjs.org/popper.js/-/popper.js-1.12.9.tgz",
      "integrity": "sha1-DfvC3/lsRRuzMu3Pz6r1ZtMx1bM="
    },
    "process-nextick-args": {
      "version": "2.0.0",
      "resolved": "https://registry.npmjs.org/process-nextick-args/-/process-nextick-args-2.0.0.tgz",
      "integrity": "sha512-MtEC1TqN0EU5nephaJ4rAtThHtC86dNN9qCuEhtshvpVBkAW5ZO7BASN9REnF9eoXGcRub+pFuKEpOHE+HbEMw==",
      "dev": true
    },
    "promise": {
      "version": "7.3.1",
      "resolved": "https://registry.npmjs.org/promise/-/promise-7.3.1.tgz",
      "integrity": "sha512-nolQXZ/4L+bP/UGlkfaIujX9BKxGwmQ9OT4mOt5yvy8iK1h3wqTEJCijzGANTCCl9nWjY41juyAn2K3Q1hLLTg==",
      "requires": {
        "asap": "2.0.6"
      }
    },
    "prop-types": {
      "version": "15.6.1",
      "resolved": "https://registry.npmjs.org/prop-types/-/prop-types-15.6.1.tgz",
      "integrity": "sha512-4ec7bY1Y66LymSUOH/zARVYObB23AT2h8cf6e/O6ZALB/N0sqZFEx7rq6EYPX2MkOdKORuooI/H5k9TlR4q7kQ==",
      "requires": {
        "fbjs": "0.8.16",
        "loose-envify": "1.3.1",
        "object-assign": "4.1.1"
      }
    },
    "raf": {
      "version": "3.4.0",
      "resolved": "https://registry.npmjs.org/raf/-/raf-3.4.0.tgz",
      "integrity": "sha512-pDP/NMRAXoTfrhCfyfSEwJAKLaxBU9eApMeBPB1TkDouZmvPerIClV8lTAd+uF8ZiTaVl69e1FCxQrAd/VTjGw==",
      "dev": true,
      "requires": {
        "performance-now": "2.1.0"
      }
    },
    "rafl": {
      "version": "1.2.2",
      "resolved": "https://registry.npmjs.org/rafl/-/rafl-1.2.2.tgz",
      "integrity": "sha1-/pMPdYIRAg1H44gV9Rlqi+QVB0A=",
      "requires": {
        "global": "4.3.2"
      }
    },
    "railroad-diagrams": {
      "version": "1.0.0",
      "resolved": "https://registry.npmjs.org/railroad-diagrams/-/railroad-diagrams-1.0.0.tgz",
      "integrity": "sha1-635iZ1SN3t+4mcG5Dlc3RVnN234=",
      "dev": true
    },
    "randexp": {
      "version": "0.4.6",
      "resolved": "https://registry.npmjs.org/randexp/-/randexp-0.4.6.tgz",
      "integrity": "sha1-6YatXl4x2uE93W97MBmqfIf2DKM=",
      "dev": true,
      "requires": {
        "discontinuous-range": "1.0.0",
        "ret": "0.1.15"
      }
    },
    "react-event-listener": {
      "version": "0.5.3",
      "resolved": "https://registry.npmjs.org/react-event-listener/-/react-event-listener-0.5.3.tgz",
      "integrity": "sha1-qLSSWWrWAYZTFPzCwYy4e2zjh24=",
      "requires": {
        "babel-runtime": "6.26.0",
        "fbjs": "0.8.16",
        "prop-types": "15.6.1",
        "warning": "3.0.0"
      }
    },
    "react-jss": {
      "version": "8.2.1",
      "resolved": "https://registry.npmjs.org/react-jss/-/react-jss-8.2.1.tgz",
      "integrity": "sha1-spBQY7qLlQ8JWhOadSMthRx54V4=",
      "requires": {
        "hoist-non-react-statics": "2.3.1",
        "jss": "9.5.1",
        "jss-preset-default": "4.1.0",
        "prop-types": "15.6.1",
        "theming": "1.3.0"
      }
    },
    "react-popper": {
      "version": "0.7.5",
      "resolved": "https://registry.npmjs.org/react-popper/-/react-popper-0.7.5.tgz",
      "integrity": "sha1-ccJZRvKR2zgSMSgfa5VynouAFZY=",
      "requires": {
        "popper.js": "1.12.9",
        "prop-types": "15.6.1"
      }
    },
    "react-reconciler": {
      "version": "0.7.0",
      "resolved": "https://registry.npmjs.org/react-reconciler/-/react-reconciler-0.7.0.tgz",
      "integrity": "sha1-lhSJQQPl8Tje7rXquvPugOsdAm0=",
      "dev": true,
      "requires": {
        "fbjs": "0.8.16",
        "loose-envify": "1.3.1",
        "object-assign": "4.1.1",
        "prop-types": "15.6.1"
      }
    },
    "react-redux": {
      "version": "5.0.7",
      "resolved": "https://registry.npmjs.org/react-redux/-/react-redux-5.0.7.tgz",
      "integrity": "sha512-5VI8EV5hdgNgyjfmWzBbdrqUkrVRKlyTKk1sGH3jzM2M2Mhj/seQgPXaz6gVAj2lz/nz688AdTqMO18Lr24Zhg==",
      "requires": {
        "hoist-non-react-statics": "2.5.0",
        "invariant": "2.2.4",
        "lodash": "4.17.5",
        "lodash-es": "4.17.7",
        "loose-envify": "1.3.1",
        "prop-types": "15.6.1"
      },
      "dependencies": {
        "hoist-non-react-statics": {
          "version": "2.5.0",
          "resolved": "https://registry.npmjs.org/hoist-non-react-statics/-/hoist-non-react-statics-2.5.0.tgz",
          "integrity": "sha512-6Bl6XsDT1ntE0lHbIhr4Kp2PGcleGZ66qu5Jqk8lc0Xc/IeG6gVLmwUGs/K0Us+L8VWoKgj0uWdPMataOsm31w=="
        }
      }
    },
    "react-scrollbar-size": {
      "version": "2.0.2",
      "resolved": "https://registry.npmjs.org/react-scrollbar-size/-/react-scrollbar-size-2.0.2.tgz",
      "integrity": "sha1-I33Qkfo53sjjpvcggHeHcDxev54=",
      "requires": {
        "babel-runtime": "6.26.0",
        "prop-types": "15.6.1",
        "react-event-listener": "0.5.3"
      }
    },
    "react-test-renderer": {
      "version": "16.2.0",
      "resolved": "https://registry.npmjs.org/react-test-renderer/-/react-test-renderer-16.2.0.tgz",
      "integrity": "sha1-vd8lmmuPzYVV8BKvyOrMI4hyohE=",
      "dev": true,
      "requires": {
        "fbjs": "0.8.16",
        "object-assign": "4.1.1",
        "prop-types": "15.6.1"
      }
    },
    "react-transition-group": {
      "version": "2.2.1",
      "resolved": "https://registry.npmjs.org/react-transition-group/-/react-transition-group-2.2.1.tgz",
      "integrity": "sha1-6ftne3nmRV/TkbA4I6/oSEnfShA=",
      "requires": {
        "chain-function": "1.0.0",
        "classnames": "2.2.5",
        "dom-helpers": "3.3.1",
        "loose-envify": "1.3.1",
        "prop-types": "15.6.1",
        "warning": "3.0.0"
      }
    },
    "recompose": {
      "version": "0.26.0",
      "resolved": "https://registry.npmjs.org/recompose/-/recompose-0.26.0.tgz",
      "integrity": "sha1-m6v/A5y3K6W9FzZtVdcjL737LTA=",
      "requires": {
        "change-emitter": "0.1.6",
        "fbjs": "0.8.16",
        "hoist-non-react-statics": "2.3.1",
        "symbol-observable": "1.1.0"
      }
    },
    "redux": {
      "version": "3.7.2",
      "resolved": "https://registry.npmjs.org/redux/-/redux-3.7.2.tgz",
      "integrity": "sha512-pNqnf9q1hI5HHZRBkj3bAngGZW/JMCmexDlOxw4XagXY2o1327nHH54LoTjiPJ0gizoqPDRqWyX/00g0hD6w+A==",
      "requires": {
        "lodash": "4.17.5",
        "lodash-es": "4.17.7",
        "loose-envify": "1.3.1",
        "symbol-observable": "1.1.0"
      }
    },
    "redux-form": {
      "version": "7.3.0",
      "resolved": "https://registry.npmjs.org/redux-form/-/redux-form-7.3.0.tgz",
      "integrity": "sha512-WcZRsRsVG25l8Cih3bEeeoZFxSIvoHqTpBRe5Ifl1ob7xvEpYLXyYYHAFER1DpTfMZPgTPHZ4UkR4ILFP3hzkw==",
      "requires": {
        "deep-equal": "1.0.1",
        "es6-error": "4.1.1",
        "hoist-non-react-statics": "2.5.0",
        "invariant": "2.2.4",
        "is-promise": "2.1.0",
        "lodash": "4.17.5",
        "lodash-es": "4.17.7",
        "prop-types": "15.6.1"
      },
      "dependencies": {
        "hoist-non-react-statics": {
          "version": "2.5.0",
          "resolved": "https://registry.npmjs.org/hoist-non-react-statics/-/hoist-non-react-statics-2.5.0.tgz",
          "integrity": "sha512-6Bl6XsDT1ntE0lHbIhr4Kp2PGcleGZ66qu5Jqk8lc0Xc/IeG6gVLmwUGs/K0Us+L8VWoKgj0uWdPMataOsm31w=="
        }
      }
    },
    "regenerator-runtime": {
      "version": "0.11.1",
      "resolved": "https://registry.npmjs.org/regenerator-runtime/-/regenerator-runtime-0.11.1.tgz",
      "integrity": "sha512-MguG95oij0fC3QV3URf4V2SDYGJhJnJGqvIIgdECeODCT98wSWDAJ94SSuVpYQUoTcGUIL6L4yNB7j1DFFHSBg=="
    },
    "ret": {
      "version": "0.1.15",
      "resolved": "https://registry.npmjs.org/ret/-/ret-0.1.15.tgz",
      "integrity": "sha1-uKSCXVvbH8P29Twrwz+BOIaBx7w=",
      "dev": true
    },
    "rst-selector-parser": {
      "version": "2.2.3",
      "resolved": "https://registry.npmjs.org/rst-selector-parser/-/rst-selector-parser-2.2.3.tgz",
      "integrity": "sha1-gbIw6i/MYGbInjRy3nlChdmwPZE=",
      "dev": true,
      "requires": {
        "lodash.flattendeep": "4.4.0",
        "nearley": "2.11.0"
      }
    },
    "safe-buffer": {
      "version": "5.1.1",
      "resolved": "https://registry.npmjs.org/safe-buffer/-/safe-buffer-5.1.1.tgz",
      "integrity": "sha512-kKvNJn6Mm93gAczWVJg7wH+wGYWNrDHdWvpUmHyEsgCtIwwo3bqPtV4tR5tuPaUhTOo/kvhVwd8XwwOllGYkbg==",
      "dev": true
    },
    "scroll": {
      "version": "2.0.1",
      "resolved": "https://registry.npmjs.org/scroll/-/scroll-2.0.1.tgz",
      "integrity": "sha1-tMfSfovPOuiligQvJyaK4/VfnM0=",
      "requires": {
        "rafl": "1.2.2"
      }
    },
    "setimmediate": {
      "version": "1.0.5",
      "resolved": "https://registry.npmjs.org/setimmediate/-/setimmediate-1.0.5.tgz",
      "integrity": "sha1-KQy7Iy4waULX1+qbg3Mqt4VvgoU="
    },
    "string_decoder": {
      "version": "1.0.3",
      "resolved": "https://registry.npmjs.org/string_decoder/-/string_decoder-1.0.3.tgz",
      "integrity": "sha512-4AH6Z5fzNNBcH+6XDMfA/BTt87skxqJlO0lAh3Dker5zThcAxG6mKz+iGu308UKoPPQ8Dcqx/4JhujzltRa+hQ==",
      "dev": true,
      "requires": {
        "safe-buffer": "5.1.1"
      }
    },
    "symbol-observable": {
      "version": "1.1.0",
      "resolved": "https://registry.npmjs.org/symbol-observable/-/symbol-observable-1.1.0.tgz",
      "integrity": "sha1-XGj9jVQRXZ37cqhHIFSSIujbmzI="
    },
    "theming": {
      "version": "1.3.0",
      "resolved": "https://registry.npmjs.org/theming/-/theming-1.3.0.tgz",
      "integrity": "sha1-KG1broC+iQ0K3GReXKBJhyNyW9w=",
      "requires": {
        "brcast": "3.0.1",
        "is-function": "1.0.1",
        "is-plain-object": "2.0.4",
        "prop-types": "15.6.1"
      }
    },
    "ua-parser-js": {
      "version": "0.7.17",
      "resolved": "https://registry.npmjs.org/ua-parser-js/-/ua-parser-js-0.7.17.tgz",
      "integrity": "sha512-uRdSdu1oA1rncCQL7sCj8vSyZkgtL7faaw9Tc9rZ3mGgraQ7+Pdx7w5mnOSF3gw9ZNG6oc+KXfkon3bKuROm0g=="
    },
    "underscore": {
      "version": "1.4.4",
      "resolved": "https://registry.npmjs.org/underscore/-/underscore-1.4.4.tgz",
      "integrity": "sha1-YaajIBBiKvoHljvzJSA88SI51gQ=",
      "dev": true
    },
    "util-deprecate": {
      "version": "1.0.2",
      "resolved": "https://registry.npmjs.org/util-deprecate/-/util-deprecate-1.0.2.tgz",
      "integrity": "sha1-RQ1Nyfpw3nMnYvvS1KKJgUGaDM8=",
      "dev": true
    },
    "warning": {
      "version": "3.0.0",
      "resolved": "https://registry.npmjs.org/warning/-/warning-3.0.0.tgz",
      "integrity": "sha1-MuU3fLVy3kqwR1O9+IIcAe1gW3w=",
      "requires": {
        "loose-envify": "1.3.1"
      }
    },
    "whatwg-fetch": {
      "version": "2.0.3",
      "resolved": "https://registry.npmjs.org/whatwg-fetch/-/whatwg-fetch-2.0.3.tgz",
      "integrity": "sha1-nITsLc9oGH/wC8ZOEnS0QhduHIQ="
    }
  }
}
